
Microsoft Visual Studio Solution File, Format Version 12.00
# Visual Studio Version 16
VisualStudioVersion = 16.0.32228.343
MinimumVisualStudioVersion = 10.0.40219.1
Project("{FAE04EC0-301F-11D3-BF4B-00C04F79EFBC}") = "devideal_intern", "devideal_intern\devideal_intern.csproj", "{0A12BC84-D824-4975-8217-1CE82D491027}"
EndProject
Global
	GlobalSection(SolutionConfigurationPlatforms) = preSolution
		Debug|Any CPU = Debug|Any CPU
		Release|Any CPU = Release|Any CPU
	EndGlobalSection
	GlobalSection(ProjectConfigurationPlatforms) = postSolution
		{0A12BC84-D824-4975-8217-1CE82D491027}.Debug|Any CPU.ActiveCfg = Debug|Any CPU
		{0A12BC84-D824-4975-8217-1CE82D491027}.Debug|Any CPU.Build.0 = Debug|Any CPU
		{0A12BC84-D824-4975-8217-1CE82D491027}.Release|Any CPU.ActiveCfg = Release|Any CPU
		{0A12BC84-D824-4975-8217-1CE82D491027}.Release|Any CPU.Build.0 = Release|Any CPU
	EndGlobalSection
	GlobalSection(SolutionProperties) = preSolution
		HideSolutionNode = FALSE
	EndGlobalSection
	GlobalSection(ExtensibilityGlobals) = postSolution
		SolutionGuid = {9112BD09-49D4-4AA2-A552-9DE84433E34B}
	EndGlobalSection
EndGlobal
